<?xml version="1.0" encoding="utf-8"?>
<Project ToolsVersion="4.0" xmlns="http://schemas.microsoft.com/developer/msbuild/2003">
  <ItemGroup>
    <Filter Include="ソース ファイル">
      <UniqueIdentifier>{4FC737F1-C7A5-4376-A066-2A32D752A2FF}</UniqueIdentifier>
      <Extensions>cpp;c;cc;cxx;c++;cppm;ixx;def;odl;idl;hpj;bat;asm;asmx</Extensions>
    </Filter>
    <Filter Include="ヘッダー ファイル">
      <UniqueIdentifier>{93995380-89BD-4b04-88EB-625FBE52EBFB}</UniqueIdentifier>
      <Extensions>h;hh;hpp;hxx;h++;hm;inl;inc;ipp;xsd</Extensions>
    </Filter>
    <Filter Include="リソース ファイル">
      <UniqueIdentifier>{67DA6AB6-F800-4c08-8B7A-83BB121AAD01}</UniqueIdentifier>
      <Extensions>rc;ico;cur;bmp;dlg;rc2;rct;bin;rgs;gif;jpg;jpeg;jpe;resx;tiff;tif;png;wav;mfcribbon-ms</Extensions>
    </Filter>
    <Filter Include="ソース ファイル\Engine">
      <UniqueIdentifier>{14450d16-8b5c-427b-899b-de6678040f1b}</UniqueIdentifier>
    </Filter>
    <Filter Include="ヘッダー ファイル\Engine">
      <UniqueIdentifier>{da61857b-009a-4f7f-b594-3ae9d95f140c}</UniqueIdentifier>
    </Filter>
    <Filter Include="ソース ファイル\Engine\DirectXCommon">
      <UniqueIdentifier>{12cd02d6-d31d-4cb1-8f81-4e05e27d48c2}</UniqueIdentifier>
    </Filter>
    <Filter Include="ヘッダー ファイル\Engine\DirectXCommon">
      <UniqueIdentifier>{82a0485d-8d5f-4681-99ea-e13da9d77452}</UniqueIdentifier>
    </Filter>
    <Filter Include="ソース ファイル\Engine\Math">
      <UniqueIdentifier>{7fc1da1b-da5b-4a76-9e76-730c67530066}</UniqueIdentifier>
    </Filter>
    <Filter Include="ヘッダー ファイル\Engine\Math">
      <UniqueIdentifier>{eb1ecf38-91bf-4584-829c-897e1ffb887d}</UniqueIdentifier>
    </Filter>
    <Filter Include="ソース ファイル\Engine\Math\Vector">
      <UniqueIdentifier>{78c53dfa-0f00-4923-947f-ac027aae391d}</UniqueIdentifier>
    </Filter>
    <Filter Include="ヘッダー ファイル\Engine\Math\Vector">
      <UniqueIdentifier>{239be0b9-6e22-463e-9591-1262adc77131}</UniqueIdentifier>
    </Filter>
    <Filter Include="リソース ファイル\Shader">
      <UniqueIdentifier>{d07203a2-fd2a-4fe5-8bd2-90df0669b69c}</UniqueIdentifier>
    </Filter>
    <Filter Include="ソース ファイル\Engine\Object">
      <UniqueIdentifier>{a1783408-1a9e-478d-aed5-9a5186772e0a}</UniqueIdentifier>
    </Filter>
    <Filter Include="ヘッダー ファイル\Engine\Object">
      <UniqueIdentifier>{79a47e2a-09ac-4d8f-91d4-2ba68eb0b14e}</UniqueIdentifier>
    </Filter>
    <Filter Include="ソース ファイル\Engine\Object\Object3D">
      <UniqueIdentifier>{39daa25d-63f8-4cb1-a7d8-012be191a90e}</UniqueIdentifier>
    </Filter>
    <Filter Include="ヘッダー ファイル\Engine\Object\Object3D">
      <UniqueIdentifier>{8f55446e-4ecf-4baa-9d25-d8766f2d1d0d}</UniqueIdentifier>
    </Filter>
    <Filter Include="ヘッダー ファイル\Engine\Window">
      <UniqueIdentifier>{7938d539-2b4b-4a05-84ef-19b8aee3c600}</UniqueIdentifier>
    </Filter>
    <Filter Include="リソース ファイル\Shader\Object3D">
      <UniqueIdentifier>{b8b79309-267a-4bc0-ac5f-139d31698071}</UniqueIdentifier>
    </Filter>
    <Filter Include="ヘッダー ファイル\Engine\Math\Matrix">
      <UniqueIdentifier>{eb7c61fb-83cf-4274-b6f3-53c3113f8ff3}</UniqueIdentifier>
    </Filter>
    <Filter Include="ソース ファイル\Engine\Math\Matrix">
      <UniqueIdentifier>{13149cab-3cef-43aa-b925-04249a6fc92d}</UniqueIdentifier>
    </Filter>
    <Filter Include="ソース ファイル\Engine\Component">
      <UniqueIdentifier>{84d3aa69-fc56-4c88-84fc-4e3825354f2d}</UniqueIdentifier>
    </Filter>
    <Filter Include="ヘッダー ファイル\Engine\Component">
      <UniqueIdentifier>{ed570dc2-b9fe-491f-912f-bcb13ecac642}</UniqueIdentifier>
    </Filter>
    <Filter Include="ソース ファイル\Engine\Object\Camera">
      <UniqueIdentifier>{f7790523-ceea-4240-bdd6-c0e300752189}</UniqueIdentifier>
    </Filter>
    <Filter Include="ヘッダー ファイル\Engine\Object\Camera">
      <UniqueIdentifier>{ce68bcd4-68f6-4db4-a70b-f5ee590d9ca6}</UniqueIdentifier>
    </Filter>
    <Filter Include="ソース ファイル\Engine\Component\Pipeline">
      <UniqueIdentifier>{4e224abe-6185-4019-b510-40efb7389157}</UniqueIdentifier>
    </Filter>
    <Filter Include="ヘッダー ファイル\Engine\Component\Pipeline">
      <UniqueIdentifier>{aa8614f5-410e-4f9f-9943-48a24f1047e8}</UniqueIdentifier>
    </Filter>
    <Filter Include="ソース ファイル\Engine\Component\DescriptorHeap">
      <UniqueIdentifier>{f5c23fb5-5848-4eba-b3db-a455963ee58c}</UniqueIdentifier>
    </Filter>
    <Filter Include="ヘッダー ファイル\Engine\Component\DescriptorHeap">
      <UniqueIdentifier>{db5b5ce7-2c08-4e2b-b407-cee002238850}</UniqueIdentifier>
    </Filter>
    <Filter Include="ヘッダー ファイル\Engine\Component\Application">
      <UniqueIdentifier>{00b37676-c12e-4c67-aa32-497a126e23ba}</UniqueIdentifier>
    </Filter>
    <Filter Include="ソース ファイル\Engine\Component\Application">
      <UniqueIdentifier>{7973265b-43f5-4363-93ff-97148378617a}</UniqueIdentifier>
    </Filter>
    <Filter Include="ソース ファイル\Engine\Component\Application\Transform">
      <UniqueIdentifier>{dc6b2409-8e7d-435a-b799-a66dde892638}</UniqueIdentifier>
    </Filter>
    <Filter Include="ヘッダー ファイル\Engine\Component\Application\Transform">
      <UniqueIdentifier>{48fbe4c8-f07a-4994-b068-4a8515e75ab3}</UniqueIdentifier>
    </Filter>
    <Filter Include="ソース ファイル\Engine\Tool">
      <UniqueIdentifier>{7d59e917-d83d-4354-903e-4c469eb654c7}</UniqueIdentifier>
    </Filter>
    <Filter Include="ヘッダー ファイル\Engine\Tool">
      <UniqueIdentifier>{78221e29-e8c6-45af-9b43-f9920debd510}</UniqueIdentifier>
    </Filter>
    <Filter Include="ソース ファイル\Engine\Tool\ImGui">
      <UniqueIdentifier>{0feb1df3-1167-4d4c-addd-e004957c1b06}</UniqueIdentifier>
    </Filter>
    <Filter Include="ヘッダー ファイル\Engine\Tool\ImGui">
      <UniqueIdentifier>{91dd68d0-2ea9-4a91-bfbb-615bf43b708d}</UniqueIdentifier>
    </Filter>
    <Filter Include="imgui">
      <UniqueIdentifier>{877d8d17-0354-466a-ac3f-aa0f52f0a911}</UniqueIdentifier>
    </Filter>
    <Filter Include="ソース ファイル\Engine\Component\Loader">
      <UniqueIdentifier>{eeb5b5d2-d8e0-4f23-b16d-673cc8754758}</UniqueIdentifier>
    </Filter>
    <Filter Include="ヘッダー ファイル\Engine\Component\Loader">
      <UniqueIdentifier>{ea32bc8a-b2e2-4b15-a820-9aa30e20a161}</UniqueIdentifier>
    </Filter>
    <Filter Include="ソース ファイル\Engine\Component\DepthStencil">
      <UniqueIdentifier>{f6ca520f-441c-4115-a331-45f4caa9f05b}</UniqueIdentifier>
    </Filter>
    <Filter Include="ヘッダー ファイル\Engine\Component\DepthStencil">
      <UniqueIdentifier>{2ecbd76a-b65d-45aa-8aa5-f5e3d2dab0c8}</UniqueIdentifier>
    </Filter>
    <Filter Include="ソース ファイル\Engine\Object\Geometry">
      <UniqueIdentifier>{4e1c0c9d-0192-4779-8ed7-6e30276302e7}</UniqueIdentifier>
    </Filter>
    <Filter Include="ヘッダー ファイル\Engine\Object\Geometry">
      <UniqueIdentifier>{06fa412f-dd6c-4d99-acd8-62b00ffe2ca4}</UniqueIdentifier>
    </Filter>
    <Filter Include="ヘッダー ファイル\Engine\Object\Geometry\Common">
      <UniqueIdentifier>{192d63f6-bdd2-43ac-9ebd-666b0a49637b}</UniqueIdentifier>
    </Filter>
    <Filter Include="ソース ファイル\Engine\Object\Geometry\Common">
      <UniqueIdentifier>{6ead54d5-d0f5-4794-a399-f64b19a2b995}</UniqueIdentifier>
    </Filter>
    <Filter Include="ソース ファイル\Engine\Window">
      <UniqueIdentifier>{150de01b-89c4-47a0-854b-615b5619e4b4}</UniqueIdentifier>
    </Filter>
    <Filter Include="ソース ファイル\Engine\Component\Buffer">
      <UniqueIdentifier>{c29dfca0-9ae9-4722-a964-77efea6bb176}</UniqueIdentifier>
    </Filter>
    <Filter Include="ヘッダー ファイル\Engine\Component\Buffer">
      <UniqueIdentifier>{01079afc-8c7c-4ae2-a7b3-2f387a767a71}</UniqueIdentifier>
    </Filter>
    <Filter Include="ヘッダー ファイル\Engine\Component\Struct">
      <UniqueIdentifier>{32f94ad5-247a-4304-8b65-a9ceaaf12f1d}</UniqueIdentifier>
    </Filter>
  </ItemGroup>
  <ItemGroup>
    <ClCompile Include="main.cpp">
      <Filter>ソース ファイル</Filter>
    </ClCompile>
    <ClCompile Include="Engine\Window\WindowsApp.cpp">
      <Filter>ソース ファイル\Engine\Window</Filter>
    </ClCompile>
    <ClCompile Include="Engine\DirectXCommon\DirectXCommon.cpp">
      <Filter>ソース ファイル\Engine\DirectXCommon</Filter>
    </ClCompile>
    <ClCompile Include="Engine\Math\Vector\Vector4.cpp">
      <Filter>ソース ファイル\Engine\Math\Vector</Filter>
    </ClCompile>
    <ClCompile Include="Engine\Object\Object3D\Object3D.cpp">
      <Filter>ソース ファイル\Engine\Object\Object3D</Filter>
    </ClCompile>
    <ClCompile Include="Engine\Math\Vector\Vector2.cpp">
      <Filter>ソース ファイル\Engine\Math\Vector</Filter>
    </ClCompile>
    <ClCompile Include="Engine\Math\Vector\Vector3.cpp">
      <Filter>ソース ファイル\Engine\Math\Vector</Filter>
    </ClCompile>
    <ClCompile Include="Engine\Math\Matrix\Matrix4x4.cpp">
      <Filter>ソース ファイル\Engine\Math\Matrix</Filter>
    </ClCompile>
    <ClCompile Include="Engine\Object\Camera\Camera.cpp">
      <Filter>ソース ファイル\Engine\Object\Camera</Filter>
    </ClCompile>
    <ClCompile Include="Engine\Component\Pipeline\Pipeline.cpp">
      <Filter>ソース ファイル\Engine\Component\Pipeline</Filter>
    </ClCompile>
    <ClCompile Include="Engine\Component\Application\Transform\Transform.cpp">
      <Filter>ソース ファイル\Engine\Component\Application\Transform</Filter>
    </ClCompile>
    <ClCompile Include="Engine\Component\DescriptorHeap\DescriptorHeap.cpp">
      <Filter>ソース ファイル\Engine\Component\DescriptorHeap</Filter>
    </ClCompile>
    <ClCompile Include="Engine\Tool\ImGui\ImGuiManager.cpp">
      <Filter>ソース ファイル\Engine\Tool\ImGui</Filter>
    </ClCompile>
    <ClCompile Include="External\imgui\imgui.cpp">
      <Filter>imgui</Filter>
    </ClCompile>
    <ClCompile Include="External\imgui\imgui_demo.cpp">
      <Filter>imgui</Filter>
    </ClCompile>
    <ClCompile Include="External\imgui\imgui_draw.cpp">
      <Filter>imgui</Filter>
    </ClCompile>
    <ClCompile Include="External\imgui\imgui_impl_dx12.cpp">
      <Filter>imgui</Filter>
    </ClCompile>
    <ClCompile Include="External\imgui\imgui_impl_win32.cpp">
      <Filter>imgui</Filter>
    </ClCompile>
    <ClCompile Include="External\imgui\imgui_tables.cpp">
      <Filter>imgui</Filter>
    </ClCompile>
    <ClCompile Include="External\imgui\imgui_widgets.cpp">
      <Filter>imgui</Filter>
    </ClCompile>
    <ClCompile Include="Engine\Object\Geometry\Sphere.cpp">
      <Filter>ソース ファイル\Engine\Object\Geometry</Filter>
    </ClCompile>
    <ClCompile Include="Engine\Object\Geometry\Common\GeometryBase.cpp">
      <Filter>ソース ファイル\Engine\Object\Geometry\Common</Filter>
    </ClCompile>
    <ClCompile Include="Engine\Component\Buffer\BufferView.cpp">
      <Filter>ソース ファイル\Engine\Component\Buffer</Filter>
    </ClCompile>
    <ClCompile Include="Engine\Component\Buffer\BufferResource.cpp">
      <Filter>ソース ファイル\Engine\Component\Buffer</Filter>
    </ClCompile>
    <ClCompile Include="Engine\Component\DepthStencil\DepthStencil.cpp">
      <Filter>ソース ファイル\Engine\Component\DepthStencil</Filter>
    </ClCompile>
    <ClCompile Include="Engine\Component\Loader\ObjLoader.cpp">
      <Filter>ソース ファイル\Engine\Component\Loader</Filter>
    </ClCompile>
    <ClCompile Include="Engine\Component\Loader\SpriteLoader.cpp">
      <Filter>ソース ファイル\Engine\Component\Loader</Filter>
    </ClCompile>
    <ClCompile Include="Engine\Object\Geometry\ObjModel.cpp">
      <Filter>ソース ファイル\Engine\Object\Geometry</Filter>
    </ClCompile>
  </ItemGroup>
  <ItemGroup>
    <ClInclude Include="Engine\Window\WindowsApp.h">
      <Filter>ヘッダー ファイル\Engine\Window</Filter>
    </ClInclude>
    <ClInclude Include="Engine\DirectXCommon\DirectXCommon.h">
      <Filter>ヘッダー ファイル\Engine\DirectXCommon</Filter>
    </ClInclude>
    <ClInclude Include="Engine\Math\Vector\Vector4.h">
      <Filter>ヘッダー ファイル\Engine\Math\Vector</Filter>
    </ClInclude>
    <ClInclude Include="Engine\Object\Object3D\Object3D.h">
      <Filter>ヘッダー ファイル\Engine\Object\Object3D</Filter>
    </ClInclude>
    <ClInclude Include="Engine\Math\Vector\Vector3.h">
      <Filter>ヘッダー ファイル\Engine\Math\Vector</Filter>
    </ClInclude>
    <ClInclude Include="Engine\Math\Vector\Vector2.h">
      <Filter>ヘッダー ファイル\Engine\Math\Vector</Filter>
    </ClInclude>
    <ClInclude Include="Engine\Math\Matrix\Matrix4x4.h">
      <Filter>ヘッダー ファイル\Engine\Math\Matrix</Filter>
    </ClInclude>
    <ClInclude Include="Engine\Object\Camera\Camera.h">
      <Filter>ヘッダー ファイル\Engine\Object\Camera</Filter>
    </ClInclude>
    <ClInclude Include="Engine\Component\Pipeline\Pipeline.h">
      <Filter>ヘッダー ファイル\Engine\Component\Pipeline</Filter>
    </ClInclude>
    <ClInclude Include="Engine\Component\Application\Transform\Transform.h">
      <Filter>ヘッダー ファイル\Engine\Component\Application\Transform</Filter>
    </ClInclude>
    <ClInclude Include="Engine\Component\DescriptorHeap\DescriptorHeap.h">
      <Filter>ヘッダー ファイル\Engine\Component\DescriptorHeap</Filter>
    </ClInclude>
    <ClInclude Include="Engine\Tool\ImGui\ImGuiManager.h">
      <Filter>ヘッダー ファイル\Engine\Tool\ImGui</Filter>
    </ClInclude>
    <ClInclude Include="External\imgui\imconfig.h">
      <Filter>imgui</Filter>
    </ClInclude>
    <ClInclude Include="External\imgui\imgui.h">
      <Filter>imgui</Filter>
    </ClInclude>
    <ClInclude Include="External\imgui\imgui_impl_dx12.h">
      <Filter>imgui</Filter>
    </ClInclude>
    <ClInclude Include="External\imgui\imgui_impl_win32.h">
      <Filter>imgui</Filter>
    </ClInclude>
    <ClInclude Include="External\imgui\imgui_internal.h">
      <Filter>imgui</Filter>
    </ClInclude>
    <ClInclude Include="External\imgui\imstb_rectpack.h">
      <Filter>imgui</Filter>
    </ClInclude>
    <ClInclude Include="External\imgui\imstb_textedit.h">
      <Filter>imgui</Filter>
    </ClInclude>
    <ClInclude Include="External\imgui\imstb_truetype.h">
      <Filter>imgui</Filter>
    </ClInclude>
    <ClInclude Include="Engine\Object\Geometry\Sphere.h">
      <Filter>ヘッダー ファイル\Engine\Object\Geometry</Filter>
    </ClInclude>
    <ClInclude Include="Engine\Object\Geometry\Common\GeometryBase.h">
      <Filter>ヘッダー ファイル\Engine\Object\Geometry\Common</Filter>
    </ClInclude>
    <ClInclude Include="Engine\Component\Buffer\BufferView.h">
      <Filter>ヘッダー ファイル\Engine\Component\Buffer</Filter>
    </ClInclude>
    <ClInclude Include="Engine\Component\Buffer\BufferResource.h">
      <Filter>ヘッダー ファイル\Engine\Component\Buffer</Filter>
    </ClInclude>
    <ClInclude Include="Engine\Component\DepthStencil\DepthStencil.h">
      <Filter>ヘッダー ファイル\Engine\Component\DepthStencil</Filter>
    </ClInclude>
    <ClInclude Include="Engine\Component\Loader\ObjLoader.h">
      <Filter>ヘッダー ファイル\Engine\Component\Loader</Filter>
    </ClInclude>
    <ClInclude Include="Engine\Component\Loader\SpriteLoader.h">
      <Filter>ヘッダー ファイル\Engine\Component\Loader</Filter>
    </ClInclude>
    <ClInclude Include="Engine\Component\Struct\VertexData.h">
      <Filter>ヘッダー ファイル\Engine\Component\Struct</Filter>
    </ClInclude>
    <ClInclude Include="Engine\Component\Struct\MaterialData.h">
      <Filter>ヘッダー ファイル\Engine\Component\Struct</Filter>
    </ClInclude>
    <ClInclude Include="Engine\Component\Struct\TransformationMatrixData.h">
      <Filter>ヘッダー ファイル\Engine\Component\Struct</Filter>
    </ClInclude>
    <ClInclude Include="Engine\Component\Struct\DirectionalLightData.h">
      <Filter>ヘッダー ファイル\Engine\Component\Struct</Filter>
    </ClInclude>
    <ClInclude Include="Engine\Component\Struct\ObjModelData.h">
      <Filter>ヘッダー ファイル\Engine\Component\Struct</Filter>
    </ClInclude>
    <ClInclude Include="Engine\Object\Geometry\ObjModel.h">
      <Filter>ヘッダー ファイル\Engine\Object\Geometry</Filter>
    </ClInclude>
  </ItemGroup>
  <ItemGroup>
    <FxCompile Include="Resources\Shaders\Object3D\Object3D.PS.Texture.hlsl">
      <Filter>リソース ファイル\Shader\Object3D</Filter>
    </FxCompile>
    <FxCompile Include="Resources\Shaders\Object3D\Object3D.VS.hlsl">
      <Filter>リソース ファイル\Shader\Object3D</Filter>
    </FxCompile>
    <FxCompile Include="Resources\Shaders\Object3D\Object3D.PS.OneColor.hlsl">
      <Filter>リソース ファイル\Shader\Object3D</Filter>
    </FxCompile>
  </ItemGroup>
  <ItemGroup>
    <Text Include="External\imgui\LICENSE.txt">
      <Filter>imgui</Filter>
    </Text>
  </ItemGroup>
  <ItemGroup>
    <None Include="Resources\Shaders\Object3D\Object3D.hlsli">
      <Filter>リソース ファイル\Shader\Object3D</Filter>
    </None>
  </ItemGroup>
</Project>