<?xml version="1.0" encoding="utf-8"?>
<Project ToolsVersion="4.0" xmlns="http://schemas.microsoft.com/developer/msbuild/2003">
  <ItemGroup>
    <Filter Include="ソース ファイル">
      <UniqueIdentifier>{4FC737F1-C7A5-4376-A066-2A32D752A2FF}</UniqueIdentifier>
      <Extensions>cpp;c;cc;cxx;c++;cppm;ixx;def;odl;idl;hpj;bat;asm;asmx</Extensions>
    </Filter>
    <Filter Include="ヘッダー ファイル">
      <UniqueIdentifier>{93995380-89BD-4b04-88EB-625FBE52EBFB}</UniqueIdentifier>
      <Extensions>h;hh;hpp;hxx;h++;hm;inl;inc;ipp;xsd</Extensions>
    </Filter>
    <Filter Include="リソース ファイル">
      <UniqueIdentifier>{67DA6AB6-F800-4c08-8B7A-83BB121AAD01}</UniqueIdentifier>
      <Extensions>rc;ico;cur;bmp;dlg;rc2;rct;bin;rgs;gif;jpg;jpeg;jpe;resx;tiff;tif;png;wav;mfcribbon-ms</Extensions>
    </Filter>
    <Filter Include="ソース ファイル\Engine">
      <UniqueIdentifier>{14450d16-8b5c-427b-899b-de6678040f1b}</UniqueIdentifier>
    </Filter>
    <Filter Include="ヘッダー ファイル\Engine">
      <UniqueIdentifier>{da61857b-009a-4f7f-b594-3ae9d95f140c}</UniqueIdentifier>
    </Filter>
    <Filter Include="リソース ファイル\Shader">
      <UniqueIdentifier>{d07203a2-fd2a-4fe5-8bd2-90df0669b69c}</UniqueIdentifier>
    </Filter>
    <Filter Include="ソース ファイル\Engine\Object">
      <UniqueIdentifier>{a1783408-1a9e-478d-aed5-9a5186772e0a}</UniqueIdentifier>
    </Filter>
    <Filter Include="ヘッダー ファイル\Engine\Object">
      <UniqueIdentifier>{79a47e2a-09ac-4d8f-91d4-2ba68eb0b14e}</UniqueIdentifier>
    </Filter>
    <Filter Include="ヘッダー ファイル\Engine\Window">
      <UniqueIdentifier>{7938d539-2b4b-4a05-84ef-19b8aee3c600}</UniqueIdentifier>
    </Filter>
    <Filter Include="リソース ファイル\Shader\Object3D">
      <UniqueIdentifier>{b8b79309-267a-4bc0-ac5f-139d31698071}</UniqueIdentifier>
    </Filter>
    <Filter Include="ソース ファイル\Engine\Component">
      <UniqueIdentifier>{84d3aa69-fc56-4c88-84fc-4e3825354f2d}</UniqueIdentifier>
    </Filter>
    <Filter Include="ヘッダー ファイル\Engine\Component">
      <UniqueIdentifier>{ed570dc2-b9fe-491f-912f-bcb13ecac642}</UniqueIdentifier>
    </Filter>
    <Filter Include="ソース ファイル\Engine\Object\Camera">
      <UniqueIdentifier>{f7790523-ceea-4240-bdd6-c0e300752189}</UniqueIdentifier>
    </Filter>
    <Filter Include="ヘッダー ファイル\Engine\Object\Camera">
      <UniqueIdentifier>{ce68bcd4-68f6-4db4-a70b-f5ee590d9ca6}</UniqueIdentifier>
    </Filter>
    <Filter Include="ソース ファイル\Engine\Component\Pipeline">
      <UniqueIdentifier>{4e224abe-6185-4019-b510-40efb7389157}</UniqueIdentifier>
    </Filter>
    <Filter Include="ヘッダー ファイル\Engine\Component\Pipeline">
      <UniqueIdentifier>{aa8614f5-410e-4f9f-9943-48a24f1047e8}</UniqueIdentifier>
    </Filter>
    <Filter Include="ソース ファイル\Engine\Component\DescriptorHeap">
      <UniqueIdentifier>{f5c23fb5-5848-4eba-b3db-a455963ee58c}</UniqueIdentifier>
    </Filter>
    <Filter Include="ヘッダー ファイル\Engine\Component\DescriptorHeap">
      <UniqueIdentifier>{db5b5ce7-2c08-4e2b-b407-cee002238850}</UniqueIdentifier>
    </Filter>
    <Filter Include="ヘッダー ファイル\Engine\Component\Application">
      <UniqueIdentifier>{00b37676-c12e-4c67-aa32-497a126e23ba}</UniqueIdentifier>
    </Filter>
    <Filter Include="ソース ファイル\Engine\Component\Application">
      <UniqueIdentifier>{7973265b-43f5-4363-93ff-97148378617a}</UniqueIdentifier>
    </Filter>
    <Filter Include="ソース ファイル\Engine\Component\Application\Transform">
      <UniqueIdentifier>{dc6b2409-8e7d-435a-b799-a66dde892638}</UniqueIdentifier>
    </Filter>
    <Filter Include="ヘッダー ファイル\Engine\Component\Application\Transform">
      <UniqueIdentifier>{48fbe4c8-f07a-4994-b068-4a8515e75ab3}</UniqueIdentifier>
    </Filter>
    <Filter Include="ソース ファイル\Engine\Tool">
      <UniqueIdentifier>{7d59e917-d83d-4354-903e-4c469eb654c7}</UniqueIdentifier>
    </Filter>
    <Filter Include="ヘッダー ファイル\Engine\Tool">
      <UniqueIdentifier>{78221e29-e8c6-45af-9b43-f9920debd510}</UniqueIdentifier>
    </Filter>
    <Filter Include="ソース ファイル\Engine\Tool\ImGui">
      <UniqueIdentifier>{0feb1df3-1167-4d4c-addd-e004957c1b06}</UniqueIdentifier>
    </Filter>
    <Filter Include="ヘッダー ファイル\Engine\Tool\ImGui">
      <UniqueIdentifier>{91dd68d0-2ea9-4a91-bfbb-615bf43b708d}</UniqueIdentifier>
    </Filter>
    <Filter Include="imgui">
      <UniqueIdentifier>{877d8d17-0354-466a-ac3f-aa0f52f0a911}</UniqueIdentifier>
    </Filter>
    <Filter Include="ソース ファイル\Engine\Component\DepthStencil">
      <UniqueIdentifier>{f6ca520f-441c-4115-a331-45f4caa9f05b}</UniqueIdentifier>
    </Filter>
    <Filter Include="ヘッダー ファイル\Engine\Component\DepthStencil">
      <UniqueIdentifier>{2ecbd76a-b65d-45aa-8aa5-f5e3d2dab0c8}</UniqueIdentifier>
    </Filter>
    <Filter Include="ソース ファイル\Engine\Object\Geometry">
      <UniqueIdentifier>{4e1c0c9d-0192-4779-8ed7-6e30276302e7}</UniqueIdentifier>
    </Filter>
    <Filter Include="ヘッダー ファイル\Engine\Object\Geometry">
      <UniqueIdentifier>{06fa412f-dd6c-4d99-acd8-62b00ffe2ca4}</UniqueIdentifier>
    </Filter>
    <Filter Include="ヘッダー ファイル\Engine\Object\Geometry\Common">
      <UniqueIdentifier>{192d63f6-bdd2-43ac-9ebd-666b0a49637b}</UniqueIdentifier>
    </Filter>
    <Filter Include="ソース ファイル\Engine\Object\Geometry\Common">
      <UniqueIdentifier>{6ead54d5-d0f5-4794-a399-f64b19a2b995}</UniqueIdentifier>
    </Filter>
    <Filter Include="ソース ファイル\Engine\Window">
      <UniqueIdentifier>{150de01b-89c4-47a0-854b-615b5619e4b4}</UniqueIdentifier>
    </Filter>
    <Filter Include="ソース ファイル\Engine\Component\Buffer">
      <UniqueIdentifier>{c29dfca0-9ae9-4722-a964-77efea6bb176}</UniqueIdentifier>
    </Filter>
    <Filter Include="ヘッダー ファイル\Engine\Component\Buffer">
      <UniqueIdentifier>{01079afc-8c7c-4ae2-a7b3-2f387a767a71}</UniqueIdentifier>
    </Filter>
    <Filter Include="ヘッダー ファイル\Engine\Component\Struct">
      <UniqueIdentifier>{32f94ad5-247a-4304-8b65-a9ceaaf12f1d}</UniqueIdentifier>
    </Filter>
    <Filter Include="リソース ファイル\Shader\Sprite">
      <UniqueIdentifier>{80ff74f8-0d37-40c9-9ec3-057eb267b57b}</UniqueIdentifier>
    </Filter>
    <Filter Include="ソース ファイル\Engine\FrameWork">
      <UniqueIdentifier>{22690821-7380-4ca9-bbf3-4f7744b237ff}</UniqueIdentifier>
    </Filter>
    <Filter Include="ヘッダー ファイル\Engine\FrameWork">
      <UniqueIdentifier>{616ca278-fc8f-43c7-8eb1-5f3628768f88}</UniqueIdentifier>
    </Filter>
    <Filter Include="ソース ファイル\Engine\Component\Application\Loader">
      <UniqueIdentifier>{eeb5b5d2-d8e0-4f23-b16d-673cc8754758}</UniqueIdentifier>
    </Filter>
    <Filter Include="ヘッダー ファイル\Engine\Component\Application\Loader">
      <UniqueIdentifier>{ea32bc8a-b2e2-4b15-a820-9aa30e20a161}</UniqueIdentifier>
    </Filter>
    <Filter Include="ヘッダー ファイル\Engine\Component\Application\Math">
      <UniqueIdentifier>{eb1ecf38-91bf-4584-829c-897e1ffb887d}</UniqueIdentifier>
    </Filter>
    <Filter Include="ヘッダー ファイル\Engine\Component\Application\Math\Vector">
      <UniqueIdentifier>{239be0b9-6e22-463e-9591-1262adc77131}</UniqueIdentifier>
    </Filter>
    <Filter Include="ヘッダー ファイル\Engine\Component\Application\Math\Matrix">
      <UniqueIdentifier>{eb7c61fb-83cf-4274-b6f3-53c3113f8ff3}</UniqueIdentifier>
    </Filter>
    <Filter Include="ソース ファイル\Engine\Component\Application\Math">
      <UniqueIdentifier>{7fc1da1b-da5b-4a76-9e76-730c67530066}</UniqueIdentifier>
    </Filter>
    <Filter Include="ソース ファイル\Engine\Component\Application\Math\Vector">
      <UniqueIdentifier>{78c53dfa-0f00-4923-947f-ac027aae391d}</UniqueIdentifier>
    </Filter>
    <Filter Include="ソース ファイル\Engine\Component\Application\Math\Matrix">
      <UniqueIdentifier>{13149cab-3cef-43aa-b925-04249a6fc92d}</UniqueIdentifier>
    </Filter>
    <Filter Include="ソース ファイル\Engine\Component\Application\Math\Utility">
      <UniqueIdentifier>{1c2d5808-e389-44c9-9fa8-162482e32996}</UniqueIdentifier>
    </Filter>
    <Filter Include="ヘッダー ファイル\Engine\Component\Application\Math\Utility">
      <UniqueIdentifier>{a8225c91-98b3-435d-90ba-2072b907404c}</UniqueIdentifier>
    </Filter>
    <Filter Include="ヘッダー ファイル\Engine\Object\Lighting">
      <UniqueIdentifier>{8d2b5ade-12c8-4dd7-9b44-56781125a778}</UniqueIdentifier>
    </Filter>
    <Filter Include="ソース ファイル\Engine\Object\Lighting">
      <UniqueIdentifier>{fc021e34-da9a-4384-8980-e18e186a1327}</UniqueIdentifier>
    </Filter>
    <Filter Include="ソース ファイル\Engine\Component\Application\Math\Quaternion">
      <UniqueIdentifier>{a0888f51-9f6b-49de-b0f5-a07e296a7e98}</UniqueIdentifier>
    </Filter>
    <Filter Include="ヘッダー ファイル\Engine\Component\Application\Math\Quaternion">
      <UniqueIdentifier>{960693bc-659a-4f75-9761-83a063549ab7}</UniqueIdentifier>
    </Filter>
    <Filter Include="ソース ファイル\Engine\Common">
      <UniqueIdentifier>{12cd02d6-d31d-4cb1-8f81-4e05e27d48c2}</UniqueIdentifier>
    </Filter>
    <Filter Include="ヘッダー ファイル\Engine\Common">
      <UniqueIdentifier>{82a0485d-8d5f-4681-99ea-e13da9d77452}</UniqueIdentifier>
    </Filter>
    <Filter Include="ヘッダー ファイル\Engine\Component\Application\Input">
      <UniqueIdentifier>{5b619904-946e-488b-b15d-adb15eb154b0}</UniqueIdentifier>
    </Filter>
    <Filter Include="ヘッダー ファイル\Engine\Component\Application\Math\Easing">
      <UniqueIdentifier>{4d7388b1-5c01-47e5-bd56-57da197d4968}</UniqueIdentifier>
    </Filter>
    <Filter Include="ソース ファイル\Engine\Component\Application\Math\Easing">
      <UniqueIdentifier>{c114d4aa-91ca-4284-9cfa-f50dbab6f521}</UniqueIdentifier>
    </Filter>
    <Filter Include="ソース ファイル\Engine\Component\Global">
      <UniqueIdentifier>{5224c44f-fd84-4d7f-b575-5a5154702ceb}</UniqueIdentifier>
    </Filter>
    <Filter Include="ヘッダー ファイル\Engine\Component\Global">
      <UniqueIdentifier>{2aa0198c-dfea-46ce-9b93-f82b299723c8}</UniqueIdentifier>
    </Filter>
    <Filter Include="ソース ファイル\Game">
      <UniqueIdentifier>{5e556301-b72c-43e3-bf8a-8a028df386f2}</UniqueIdentifier>
    </Filter>
    <Filter Include="ヘッダー ファイル\Game">
      <UniqueIdentifier>{267e1aff-700f-405a-aaae-5c3f3dc891f6}</UniqueIdentifier>
    </Filter>
    <Filter Include="ソース ファイル\Game\Object">
      <UniqueIdentifier>{809b0f10-c51a-431c-930d-6f203dcbd5c6}</UniqueIdentifier>
    </Filter>
    <Filter Include="ヘッダー ファイル\Game\Object">
      <UniqueIdentifier>{35447b10-1f6f-404b-b7a7-ff9387bda724}</UniqueIdentifier>
    </Filter>
    <Filter Include="ソース ファイル\Game\Object\Character">
      <UniqueIdentifier>{9505cb1c-f21c-45eb-88fb-266f402bd96b}</UniqueIdentifier>
    </Filter>
    <Filter Include="ヘッダー ファイル\Game\Object\Character">
      <UniqueIdentifier>{21e478e2-8c96-428b-97ef-e1a63cbfbfab}</UniqueIdentifier>
    </Filter>
    <Filter Include="ヘッダー ファイル\Engine\Component\Application\Collider/Collision">
      <UniqueIdentifier>{3a2cbe2a-f3ae-46ba-bfc3-59061504d94f}</UniqueIdentifier>
    </Filter>
    <Filter Include="ソース ファイル\Engine\Component\Application\Collider/Collision">
      <UniqueIdentifier>{17691de9-80e6-4894-ba4c-3d258dc86ab7}</UniqueIdentifier>
    </Filter>
    <Filter Include="ソース ファイル\Engine\Component\Application\Input">
      <UniqueIdentifier>{e47d0fa4-305c-4f59-acfb-64babcd01710}</UniqueIdentifier>
    </Filter>
    <Filter Include="ヘッダー ファイル\Engine\Component\Application\Collider/Collision\Geometry">
      <UniqueIdentifier>{ce57edd5-b67c-4b9a-acf0-f51eac179e38}</UniqueIdentifier>
    </Filter>
    <Filter Include="ソース ファイル\Engine\Component\Application\Collider/Collision\Geometry">
      <UniqueIdentifier>{57e541f1-91a8-49a8-b6e8-a358a52a04c8}</UniqueIdentifier>
    </Filter>
    <Filter Include="ヘッダー ファイル\Engine\Component\Application\Collider/Collision\Geometry\Common">
      <UniqueIdentifier>{a8b90b37-2204-4793-8597-70617bfec0f6}</UniqueIdentifier>
    </Filter>
    <Filter Include="ソース ファイル\Engine\Component\Application\Collider/Collision\Geometry\Common">
      <UniqueIdentifier>{bb1daa37-49cf-4818-8cc1-26b4e1842cab}</UniqueIdentifier>
    </Filter>
    <Filter Include="リソース ファイル\Shader\Collider">
      <UniqueIdentifier>{dae3f13e-b770-4308-b04c-57d855ec6d38}</UniqueIdentifier>
    </Filter>
    <Filter Include="リソース ファイル\Shader\Particle">
      <UniqueIdentifier>{6c0a51fd-82d2-4272-92c7-9bc5da95718e}</UniqueIdentifier>
    </Filter>
    <Filter Include="ソース ファイル\Engine\Object\Particle">
      <UniqueIdentifier>{0567fb5f-5390-4c3e-80f1-3202bc747c33}</UniqueIdentifier>
    </Filter>
    <Filter Include="ヘッダー ファイル\Engine\Object\Particle">
      <UniqueIdentifier>{5ce92f1d-748d-4cb8-80fd-ecb1401f3d26}</UniqueIdentifier>
    </Filter>
    <Filter Include="ソース ファイル\Engine\Object\Particle\Common">
      <UniqueIdentifier>{b2a42f50-899b-4c62-a364-c15524071d5c}</UniqueIdentifier>
    </Filter>
    <Filter Include="ヘッダー ファイル\Engine\Object\Particle\Common">
      <UniqueIdentifier>{56c576fb-4004-40cb-8c8c-d26b67fbda4b}</UniqueIdentifier>
    </Filter>
    <Filter Include="リソース ファイル\Shader\Particle\EmitterFrame">
      <UniqueIdentifier>{aa9f908f-7358-4c8c-972a-a3fde38467a3}</UniqueIdentifier>
    </Filter>
    <Filter Include="ヘッダー ファイル\Engine\Object\Particle\EmitterFrame">
      <UniqueIdentifier>{e62d9574-9854-423b-84fa-a7604be811d3}</UniqueIdentifier>
    </Filter>
    <Filter Include="ソース ファイル\Engine\Object\Particle\EmitterFrame">
      <UniqueIdentifier>{4c526eca-39b1-4bee-9f88-b504e3e1751c}</UniqueIdentifier>
    </Filter>
    <Filter Include="ヘッダー ファイル\Engine\Object\Particle\EmitterFrame\Common">
      <UniqueIdentifier>{8e6b2992-bd31-4372-9b38-8448247c8780}</UniqueIdentifier>
    </Filter>
    <Filter Include="ソース ファイル\Engine\Object\Particle\EmitterFrame\Common">
      <UniqueIdentifier>{4fdbcf88-c676-41a8-a23a-a7711d559922}</UniqueIdentifier>
    </Filter>
  </ItemGroup>
  <ItemGroup>
    <ClCompile Include="main.cpp">
      <Filter>ソース ファイル</Filter>
    </ClCompile>
    <ClCompile Include="Engine\Window\WindowsApp.cpp">
      <Filter>ソース ファイル\Engine\Window</Filter>
    </ClCompile>
    <ClCompile Include="Engine\Object\Camera\Camera.cpp">
      <Filter>ソース ファイル\Engine\Object\Camera</Filter>
    </ClCompile>
    <ClCompile Include="Engine\Component\Pipeline\Pipeline.cpp">
      <Filter>ソース ファイル\Engine\Component\Pipeline</Filter>
    </ClCompile>
    <ClCompile Include="Engine\Component\Application\Transform\Transform.cpp">
      <Filter>ソース ファイル\Engine\Component\Application\Transform</Filter>
    </ClCompile>
    <ClCompile Include="Engine\Component\DescriptorHeap\DescriptorHeap.cpp">
      <Filter>ソース ファイル\Engine\Component\DescriptorHeap</Filter>
    </ClCompile>
    <ClCompile Include="Engine\Tool\ImGui\ImGuiManager.cpp">
      <Filter>ソース ファイル\Engine\Tool\ImGui</Filter>
    </ClCompile>
    <ClCompile Include="External\imgui\imgui.cpp">
      <Filter>imgui</Filter>
    </ClCompile>
    <ClCompile Include="External\imgui\imgui_demo.cpp">
      <Filter>imgui</Filter>
    </ClCompile>
    <ClCompile Include="External\imgui\imgui_draw.cpp">
      <Filter>imgui</Filter>
    </ClCompile>
    <ClCompile Include="External\imgui\imgui_impl_dx12.cpp">
      <Filter>imgui</Filter>
    </ClCompile>
    <ClCompile Include="External\imgui\imgui_impl_win32.cpp">
      <Filter>imgui</Filter>
    </ClCompile>
    <ClCompile Include="External\imgui\imgui_tables.cpp">
      <Filter>imgui</Filter>
    </ClCompile>
    <ClCompile Include="External\imgui\imgui_widgets.cpp">
      <Filter>imgui</Filter>
    </ClCompile>
    <ClCompile Include="Engine\Object\Geometry\Sphere.cpp">
      <Filter>ソース ファイル\Engine\Object\Geometry</Filter>
    </ClCompile>
    <ClCompile Include="Engine\Object\Geometry\Common\GeometryBase.cpp">
      <Filter>ソース ファイル\Engine\Object\Geometry\Common</Filter>
    </ClCompile>
    <ClCompile Include="Engine\Component\Buffer\BufferView.cpp">
      <Filter>ソース ファイル\Engine\Component\Buffer</Filter>
    </ClCompile>
    <ClCompile Include="Engine\Component\Buffer\BufferResource.cpp">
      <Filter>ソース ファイル\Engine\Component\Buffer</Filter>
    </ClCompile>
    <ClCompile Include="Engine\Component\DepthStencil\DepthStencil.cpp">
      <Filter>ソース ファイル\Engine\Component\DepthStencil</Filter>
    </ClCompile>
    <ClCompile Include="Engine\Object\Geometry\ObjModel.cpp">
      <Filter>ソース ファイル\Engine\Object\Geometry</Filter>
    </ClCompile>
    <ClCompile Include="Engine\Object\Geometry\Common\SpriteBase.cpp">
      <Filter>ソース ファイル\Engine\Object\Geometry\Common</Filter>
    </ClCompile>
    <ClCompile Include="Engine\Object\Geometry\Sprite2D.cpp">
      <Filter>ソース ファイル\Engine\Object\Geometry</Filter>
    </ClCompile>
    <ClCompile Include="Engine\FrameWork\FrameWork.cpp">
      <Filter>ソース ファイル\Engine\FrameWork</Filter>
    </ClCompile>
    <ClCompile Include="Engine\Component\Application\Loader\ObjLoader.cpp">
      <Filter>ソース ファイル\Engine\Component\Application\Loader</Filter>
    </ClCompile>
    <ClCompile Include="Engine\Component\Application\Loader\SpriteLoader.cpp">
      <Filter>ソース ファイル\Engine\Component\Application\Loader</Filter>
    </ClCompile>
    <ClCompile Include="Engine\Component\Application\Math\Matrix\Matrix4x4.cpp">
      <Filter>ソース ファイル\Engine\Component\Application\Math\Matrix</Filter>
    </ClCompile>
    <ClCompile Include="Engine\Component\Application\Math\Vector\Vector2.cpp">
      <Filter>ソース ファイル\Engine\Component\Application\Math\Vector</Filter>
    </ClCompile>
    <ClCompile Include="Engine\Component\Application\Math\Vector\Vector3.cpp">
      <Filter>ソース ファイル\Engine\Component\Application\Math\Vector</Filter>
    </ClCompile>
    <ClCompile Include="Engine\Component\Application\Math\Vector\Vector4.cpp">
      <Filter>ソース ファイル\Engine\Component\Application\Math\Vector</Filter>
    </ClCompile>
    <ClCompile Include="Engine\FrameWork\Application.cpp">
      <Filter>ソース ファイル\Engine\FrameWork</Filter>
    </ClCompile>
    <ClCompile Include="Engine\Component\Application\Math\MathUtility.cpp">
      <Filter>ソース ファイル\Engine\Component\Application\Math\Utility</Filter>
    </ClCompile>
    <ClCompile Include="Engine\Object\Lighting\LightingGroup.cpp">
      <Filter>ソース ファイル\Engine\Object\Lighting</Filter>
    </ClCompile>
    <ClCompile Include="Engine\Component\Application\Math\Quaternion\Quaternion.cpp">
      <Filter>ソース ファイル\Engine\Component\Application\Math\Quaternion</Filter>
    </ClCompile>
    <ClCompile Include="Engine\Common\DirectXCommon.cpp">
      <Filter>ソース ファイル\Engine\Common</Filter>
    </ClCompile>
    <ClCompile Include="Engine\Component\Application\Input\Input.cpp">
      <Filter>ソース ファイル\Engine\Component\Application\Input</Filter>
    </ClCompile>
    <ClCompile Include="Engine\Component\Application\Loader\LevelLoader.cpp">
      <Filter>ソース ファイル\Engine\Component\Application\Loader</Filter>
    </ClCompile>
    <ClCompile Include="Engine\Component\Application\Math\Easing\Easing.cpp">
      <Filter>ソース ファイル\Engine\Component\Application\Math\Easing</Filter>
    </ClCompile>
    <ClCompile Include="Engine\Component\Global\GlobalVariables.cpp">
      <Filter>ソース ファイル\Engine\Component\Global</Filter>
    </ClCompile>
    <ClCompile Include="Engine\Component\Global\GlobalSetting.cpp">
      <Filter>ソース ファイル\Engine\Component\Global</Filter>
    </ClCompile>
    <ClCompile Include="Game\Object\Character\Player.cpp">
      <Filter>ソース ファイル\Game\Object\Character</Filter>
    </ClCompile>
    <ClCompile Include="Engine\Object\Camera\FollowCamera.cpp">
      <Filter>ソース ファイル\Engine\Object\Camera</Filter>
    </ClCompile>
    <ClCompile Include="Engine\Component\Pipeline\BlendSetting.cpp">
      <Filter>ソース ファイル\Engine\Component\Pipeline</Filter>
    </ClCompile>
    <ClCompile Include="Engine\Object\Particle\ParticleObject.cpp">
      <Filter>ソース ファイル\Engine\Object\Particle</Filter>
    </ClCompile>
    <ClCompile Include="Engine\Object\Particle\Common\ParticleBase.cpp">
      <Filter>ソース ファイル\Engine\Object\Particle\Common</Filter>
    </ClCompile>
    <ClCompile Include="Engine\Object\Particle\ParticleEmitterObject.cpp">
      <Filter>ソース ファイル\Engine\Object\Particle</Filter>
    </ClCompile>
    <ClCompile Include="Engine\Object\Particle\EmitterFrame\Common\EmitterFrameBase.cpp">
      <Filter>ソース ファイル\Engine\Object\Particle\EmitterFrame\Common</Filter>
    </ClCompile>
    <ClCompile Include="Engine\Object\Particle\EmitterFrame\EmitterFrameSquare.cpp">
      <Filter>ソース ファイル\Engine\Object\Particle\EmitterFrame</Filter>
    </ClCompile>
    <ClCompile Include="Engine\Component\Application\Colliders_Collision\CollisionCheck.cpp">
      <Filter>ソース ファイル\Engine\Component\Application\Collider/Collision</Filter>
    </ClCompile>
    <ClCompile Include="Engine\Component\Application\Colliders_Collision\Collider.cpp">
      <Filter>ソース ファイル\Engine\Component\Application\Collider/Collision</Filter>
    </ClCompile>
    <ClCompile Include="Engine\Component\Application\Colliders_Collision\CollisionManager.cpp">
      <Filter>ソース ファイル\Engine\Component\Application\Collider/Collision</Filter>
    </ClCompile>
    <ClCompile Include="Engine\Component\Application\Colliders_Collision\Geometry\SphereCollider.cpp">
      <Filter>ソース ファイル\Engine\Component\Application\Collider/Collision\Geometry</Filter>
    </ClCompile>
    <ClCompile Include="Engine\Component\Application\Colliders_Collision\Geometry\Common\GeometryBaseCollider.cpp">
      <Filter>ソース ファイル\Engine\Component\Application\Collider/Collision\Geometry\Common</Filter>
    </ClCompile>
  </ItemGroup>
  <ItemGroup>
    <ClInclude Include="Engine\Window\WindowsApp.h">
      <Filter>ヘッダー ファイル\Engine\Window</Filter>
    </ClInclude>
    <ClInclude Include="Engine\Object\Camera\Camera.h">
      <Filter>ヘッダー ファイル\Engine\Object\Camera</Filter>
    </ClInclude>
    <ClInclude Include="Engine\Component\Pipeline\Pipeline.h">
      <Filter>ヘッダー ファイル\Engine\Component\Pipeline</Filter>
    </ClInclude>
    <ClInclude Include="Engine\Component\Application\Transform\Transform.h">
      <Filter>ヘッダー ファイル\Engine\Component\Application\Transform</Filter>
    </ClInclude>
    <ClInclude Include="Engine\Component\DescriptorHeap\DescriptorHeap.h">
      <Filter>ヘッダー ファイル\Engine\Component\DescriptorHeap</Filter>
    </ClInclude>
    <ClInclude Include="Engine\Tool\ImGui\ImGuiManager.h">
      <Filter>ヘッダー ファイル\Engine\Tool\ImGui</Filter>
    </ClInclude>
    <ClInclude Include="External\imgui\imconfig.h">
      <Filter>imgui</Filter>
    </ClInclude>
    <ClInclude Include="External\imgui\imgui.h">
      <Filter>imgui</Filter>
    </ClInclude>
    <ClInclude Include="External\imgui\imgui_impl_dx12.h">
      <Filter>imgui</Filter>
    </ClInclude>
    <ClInclude Include="External\imgui\imgui_impl_win32.h">
      <Filter>imgui</Filter>
    </ClInclude>
    <ClInclude Include="External\imgui\imgui_internal.h">
      <Filter>imgui</Filter>
    </ClInclude>
    <ClInclude Include="External\imgui\imstb_rectpack.h">
      <Filter>imgui</Filter>
    </ClInclude>
    <ClInclude Include="External\imgui\imstb_textedit.h">
      <Filter>imgui</Filter>
    </ClInclude>
    <ClInclude Include="External\imgui\imstb_truetype.h">
      <Filter>imgui</Filter>
    </ClInclude>
    <ClInclude Include="Engine\Object\Geometry\Sphere.h">
      <Filter>ヘッダー ファイル\Engine\Object\Geometry</Filter>
    </ClInclude>
    <ClInclude Include="Engine\Object\Geometry\Common\GeometryBase.h">
      <Filter>ヘッダー ファイル\Engine\Object\Geometry\Common</Filter>
    </ClInclude>
    <ClInclude Include="Engine\Component\Buffer\BufferView.h">
      <Filter>ヘッダー ファイル\Engine\Component\Buffer</Filter>
    </ClInclude>
    <ClInclude Include="Engine\Component\Buffer\BufferResource.h">
      <Filter>ヘッダー ファイル\Engine\Component\Buffer</Filter>
    </ClInclude>
    <ClInclude Include="Engine\Component\DepthStencil\DepthStencil.h">
      <Filter>ヘッダー ファイル\Engine\Component\DepthStencil</Filter>
    </ClInclude>
    <ClInclude Include="Engine\Component\Struct\VertexData.h">
      <Filter>ヘッダー ファイル\Engine\Component\Struct</Filter>
    </ClInclude>
    <ClInclude Include="Engine\Component\Struct\MaterialData.h">
      <Filter>ヘッダー ファイル\Engine\Component\Struct</Filter>
    </ClInclude>
    <ClInclude Include="Engine\Component\Struct\TransformationMatrixData.h">
      <Filter>ヘッダー ファイル\Engine\Component\Struct</Filter>
    </ClInclude>
    <ClInclude Include="Engine\Component\Struct\DirectionalLightData.h">
      <Filter>ヘッダー ファイル\Engine\Component\Struct</Filter>
    </ClInclude>
    <ClInclude Include="Engine\Component\Struct\ObjModelData.h">
      <Filter>ヘッダー ファイル\Engine\Component\Struct</Filter>
    </ClInclude>
    <ClInclude Include="Engine\Object\Geometry\ObjModel.h">
      <Filter>ヘッダー ファイル\Engine\Object\Geometry</Filter>
    </ClInclude>
    <ClInclude Include="Engine\Object\Geometry\Common\SpriteBase.h">
      <Filter>ヘッダー ファイル\Engine\Object\Geometry\Common</Filter>
    </ClInclude>
    <ClInclude Include="Engine\Object\Geometry\Sprite2D.h">
      <Filter>ヘッダー ファイル\Engine\Object\Geometry</Filter>
    </ClInclude>
    <ClInclude Include="Engine\FrameWork\FrameWork.h">
      <Filter>ヘッダー ファイル\Engine\FrameWork</Filter>
    </ClInclude>
    <ClInclude Include="Engine\Component\Application\Loader\ObjLoader.h">
      <Filter>ヘッダー ファイル\Engine\Component\Application\Loader</Filter>
    </ClInclude>
    <ClInclude Include="Engine\Component\Application\Loader\SpriteLoader.h">
      <Filter>ヘッダー ファイル\Engine\Component\Application\Loader</Filter>
    </ClInclude>
    <ClInclude Include="Engine\Component\Application\Math\Matrix\Matrix4x4.h">
      <Filter>ヘッダー ファイル\Engine\Component\Application\Math\Matrix</Filter>
    </ClInclude>
    <ClInclude Include="Engine\Component\Application\Math\Vector\Vector2.h">
      <Filter>ヘッダー ファイル\Engine\Component\Application\Math\Vector</Filter>
    </ClInclude>
    <ClInclude Include="Engine\Component\Application\Math\Vector\Vector3.h">
      <Filter>ヘッダー ファイル\Engine\Component\Application\Math\Vector</Filter>
    </ClInclude>
    <ClInclude Include="Engine\Component\Application\Math\Vector\Vector4.h">
      <Filter>ヘッダー ファイル\Engine\Component\Application\Math\Vector</Filter>
    </ClInclude>
    <ClInclude Include="Engine\FrameWork\Application.h">
      <Filter>ヘッダー ファイル\Engine\FrameWork</Filter>
    </ClInclude>
    <ClInclude Include="Engine\Component\Struct\Texture.h">
      <Filter>ヘッダー ファイル\Engine\Component\Struct</Filter>
    </ClInclude>
    <ClInclude Include="Engine\Component\Application\Math\MathUtility.h">
      <Filter>ヘッダー ファイル\Engine\Component\Application\Math\Utility</Filter>
    </ClInclude>
    <ClInclude Include="Engine\Object\Lighting\LightingGroup.h">
      <Filter>ヘッダー ファイル\Engine\Object\Lighting</Filter>
    </ClInclude>
    <ClInclude Include="Engine\Component\Application\Math\Quaternion\Quaternion.h">
      <Filter>ヘッダー ファイル\Engine\Component\Application\Math\Quaternion</Filter>
    </ClInclude>
    <ClInclude Include="Engine\Common\DirectXCommon.h">
      <Filter>ヘッダー ファイル\Engine\Common</Filter>
    </ClInclude>
    <ClInclude Include="Engine\Component\Application\Input\Input.h">
      <Filter>ヘッダー ファイル\Engine\Component\Application\Input</Filter>
    </ClInclude>
    <ClInclude Include="Engine\Component\Application\Math\Easing\Easing.h">
      <Filter>ヘッダー ファイル\Engine\Component\Application\Math\Easing</Filter>
    </ClInclude>
    <ClInclude Include="Engine\Component\Application\Loader\LevelLoader.h">
      <Filter>ヘッダー ファイル\Engine\Component\Application\Loader</Filter>
    </ClInclude>
    <ClInclude Include="Engine\Component\Global\GlobalVariables.h">
      <Filter>ヘッダー ファイル\Engine\Component\Global</Filter>
    </ClInclude>
    <ClInclude Include="Engine\Component\Global\GlobalSetting.h">
      <Filter>ヘッダー ファイル\Engine\Component\Global</Filter>
    </ClInclude>
    <ClInclude Include="Game\Object\Character\Player.h">
      <Filter>ヘッダー ファイル\Game\Object\Character</Filter>
    </ClInclude>
    <ClInclude Include="Engine\Object\Camera\FollowCamera.h">
      <Filter>ヘッダー ファイル\Engine\Object\Camera</Filter>
    </ClInclude>
    <ClInclude Include="Engine\Component\Pipeline\BlendSetting.h">
      <Filter>ヘッダー ファイル\Engine\Component\Pipeline</Filter>
    </ClInclude>
    <ClInclude Include="Engine\Component\Struct\ParticleData.h">
      <Filter>ヘッダー ファイル\Engine\Component\Struct</Filter>
    </ClInclude>
    <ClInclude Include="Engine\Component\Struct\ParticleForGPUData.h">
      <Filter>ヘッダー ファイル\Engine\Component\Struct</Filter>
    </ClInclude>
    <ClInclude Include="Engine\Object\Particle\ParticleObject.h">
      <Filter>ヘッダー ファイル\Engine\Object\Particle</Filter>
    </ClInclude>
    <ClInclude Include="Engine\Object\Particle\Common\ParticleBase.h">
      <Filter>ヘッダー ファイル\Engine\Object\Particle\Common</Filter>
    </ClInclude>
    <ClInclude Include="Engine\Component\Struct\EmitterData.h">
      <Filter>ヘッダー ファイル\Engine\Component\Struct</Filter>
    </ClInclude>
    <ClInclude Include="Engine\Object\Particle\ParticleEmitterObject.h">
      <Filter>ヘッダー ファイル\Engine\Object\Particle</Filter>
    </ClInclude>
    <ClInclude Include="Engine\Component\Struct\DescriptorData.h">
      <Filter>ヘッダー ファイル\Engine\Component\Struct</Filter>
    </ClInclude>
    <ClInclude Include="Engine\Object\Particle\EmitterFrame\Common\EmitterFrameBase.h">
      <Filter>ヘッダー ファイル\Engine\Object\Particle\EmitterFrame\Common</Filter>
    </ClInclude>
    <ClInclude Include="Engine\Object\Particle\EmitterFrame\EmitterFrameSquare.h">
      <Filter>ヘッダー ファイル\Engine\Object\Particle\EmitterFrame</Filter>
    </ClInclude>
    <ClInclude Include="Engine\Component\Application\Colliders_Collision\CollisionCheck.h">
      <Filter>ヘッダー ファイル\Engine\Component\Application\Collider/Collision</Filter>
    </ClInclude>
    <ClInclude Include="Engine\Component\Application\Colliders_Collision\Collider.h">
      <Filter>ヘッダー ファイル\Engine\Component\Application\Collider/Collision</Filter>
    </ClInclude>
    <ClInclude Include="Engine\Component\Application\Colliders_Collision\CollisionConfig.h">
      <Filter>ヘッダー ファイル\Engine\Component\Application\Collider/Collision</Filter>
    </ClInclude>
    <ClInclude Include="Engine\Component\Application\Colliders_Collision\CollisionManager.h">
      <Filter>ヘッダー ファイル\Engine\Component\Application\Collider/Collision</Filter>
    </ClInclude>
    <ClInclude Include="Engine\Component\Application\Colliders_Collision\CollisionPrimitive.h">
      <Filter>ヘッダー ファイル\Engine\Component\Application\Collider/Collision</Filter>
    </ClInclude>
    <ClInclude Include="Engine\Component\Application\Colliders_Collision\CollisionShapeTypa.h">
      <Filter>ヘッダー ファイル\Engine\Component\Application\Collider/Collision</Filter>
    </ClInclude>
    <ClInclude Include="Engine\Component\Application\Colliders_Collision\Geometry\SphereCollider.h">
      <Filter>ヘッダー ファイル\Engine\Component\Application\Collider/Collision\Geometry</Filter>
    </ClInclude>
    <ClInclude Include="Engine\Component\Application\Colliders_Collision\Geometry\Common\GeometryBaseCollider.h">
      <Filter>ヘッダー ファイル\Engine\Component\Application\Collider/Collision\Geometry\Common</Filter>
    </ClInclude>
  </ItemGroup>
  <ItemGroup>
    <FxCompile Include="Resources\Shaders\Object3D\Object3D.PS.Texture.hlsl">
      <Filter>リソース ファイル\Shader\Object3D</Filter>
    </FxCompile>
    <FxCompile Include="Resources\Shaders\Object3D\Object3D.VS.hlsl">
      <Filter>リソース ファイル\Shader\Object3D</Filter>
    </FxCompile>
    <FxCompile Include="Resources\Shaders\Object3D\Object3D.PS.OneColor.hlsl">
      <Filter>リソース ファイル\Shader\Object3D</Filter>
    </FxCompile>
    <FxCompile Include="Resources\Shaders\Sprite\Sprite.VS.hlsl">
      <Filter>リソース ファイル\Shader\Sprite</Filter>
    </FxCompile>
    <FxCompile Include="Resources\Shaders\Sprite\Sprite.PS.Texture.hlsl">
      <Filter>リソース ファイル\Shader\Sprite</Filter>
    </FxCompile>
    <FxCompile Include="Resources\Shaders\Collider\Collider.VS.hlsl">
      <Filter>リソース ファイル\Shader\Collider</Filter>
    </FxCompile>
    <FxCompile Include="Resources\Shaders\Collider\Collider.PS.hlsl">
      <Filter>リソース ファイル\Shader\Collider</Filter>
    </FxCompile>
    <FxCompile Include="Resources\Shaders\Particle\Particle.VS.hlsl">
      <Filter>リソース ファイル\Shader\Particle</Filter>
    </FxCompile>
    <FxCompile Include="Resources\Shaders\Particle\Particle.PS.hlsl">
      <Filter>リソース ファイル\Shader\Particle</Filter>
    </FxCompile>
    <FxCompile Include="Resources\Shaders\Particle\Emitter\EmitterFrame.PS.hlsl">
      <Filter>リソース ファイル\Shader\Particle\EmitterFrame</Filter>
    </FxCompile>
    <FxCompile Include="Resources\Shaders\Particle\Emitter\EmitterFrame.VS.hlsl">
      <Filter>リソース ファイル\Shader\Particle\EmitterFrame</Filter>
    </FxCompile>
  </ItemGroup>
  <ItemGroup>
    <Text Include="External\imgui\LICENSE.txt">
      <Filter>imgui</Filter>
    </Text>
  </ItemGroup>
  <ItemGroup>
    <None Include="Resources\Shaders\Object3D\Object3D.hlsli">
      <Filter>リソース ファイル\Shader\Object3D</Filter>
    </None>
    <None Include="Resources\Shaders\Sprite\Sprite.hlsli">
      <Filter>リソース ファイル\Shader\Sprite</Filter>
    </None>
    <None Include="Resources\Shaders\Particle\Particle.hlsli">
      <Filter>リソース ファイル\Shader\Particle</Filter>
    </None>
  </ItemGroup>
</Project>